// !$*UTF8*$!
{
	archiveVersion = 1;
	classes = {
	};
	objectVersion = 56;
	objects = {

/* Begin PBXBuildFile section */
		B1000001 /* RemoteCursorAppApp.swift in Sources */ = {isa = PBXBuildFile; fileRef = B2000001 /* RemoteCursorAppApp.swift */; };
		B1000002 /* ContentView.swift in Sources */ = {isa = PBXBuildFile; fileRef = B2000002 /* ContentView.swift */; };
		B1000003 /* ConnectionView.swift in Sources */ = {isa = PBXBuildFile; fileRef = B2000003 /* ConnectionView.swift */; };
		B1000004 /* AgentView.swift in Sources */ = {isa = PBXBuildFile; fileRef = B2000004 /* AgentView.swift */; };
		B1000005 /* Models.swift in Sources */ = {isa = PBXBuildFile; fileRef = B2000005 /* Models.swift */; };
		B1000006 /* HTTPClient.swift in Sources */ = {isa = PBXBuildFile; fileRef = B2000006 /* HTTPClient.swift */; };
		B1000007 /* PeerClient.swift in Sources */ = {isa = PBXBuildFile; fileRef = B2000007 /* PeerClient.swift */; };
		B1000008 /* Assets.xcassets in Resources */ = {isa = PBXBuildFile; fileRef = B2000008 /* Assets.xcassets */; };
		B1000009 /* MultipeerConnectivity.framework in Frameworks */ = {isa = PBXBuildFile; fileRef = B3000001 /* MultipeerConnectivity.framework */; };
		B1000010 /* ChatStore.swift in Sources */ = {isa = PBXBuildFile; fileRef = B2000010 /* ChatStore.swift */; };
		B1000011 /* MarkdownView.swift in Sources */ = {isa = PBXBuildFile; fileRef = B2000011 /* MarkdownView.swift */; };
		B1000012 /* TerminalView.swift in Sources */ = {isa = PBXBuildFile; fileRef = B2000012 /* TerminalView.swift */; };
/* End PBXBuildFile section */

/* Begin PBXFileReference section */
		B2000001 /* RemoteCursorAppApp.swift */ = {isa = PBXFileReference; lastKnownFileType = sourcecode.swift; path = RemoteCursorAppApp.swift; sourceTree = "<group>"; };
		B2000002 /* ContentView.swift */ = {isa = PBXFileReference; lastKnownFileType = sourcecode.swift; path = ContentView.swift; sourceTree = "<group>"; };
		B2000003 /* ConnectionView.swift */ = {isa = PBXFileReference; lastKnownFileType = sourcecode.swift; path = ConnectionView.swift; sourceTree = "<group>"; };
		B2000004 /* AgentView.swift */ = {isa = PBXFileReference; lastKnownFileType = sourcecode.swift; path = AgentView.swift; sourceTree = "<group>"; };
		B2000005 /* Models.swift */ = {isa = PBXFileReference; lastKnownFileType = sourcecode.swift; path = Models.swift; sourceTree = "<group>"; };
		B2000006 /* HTTPClient.swift */ = {isa = PBXFileReference; lastKnownFileType = sourcecode.swift; path = HTTPClient.swift; sourceTree = "<group>"; };
		B2000007 /* PeerClient.swift */ = {isa = PBXFileReference; lastKnownFileType = sourcecode.swift; path = PeerClient.swift; sourceTree = "<group>"; };
		B2000008 /* Assets.xcassets */ = {isa = PBXFileReference; lastKnownFileType = folder.assetcatalog; path = Assets.xcassets; sourceTree = "<group>"; };
		B2000009 /* RemoteCursorApp.app */ = {isa = PBXFileReference; explicitFileType = wrapper.application; includeInIndex = 0; path = RemoteCursorApp.app; sourceTree = BUILT_PRODUCTS_DIR; };
		B3000001 /* MultipeerConnectivity.framework */ = {isa = PBXFileReference; lastKnownFileType = wrapper.framework; name = MultipeerConnectivity.framework; path = System/Library/Frameworks/MultipeerConnectivity.framework; sourceTree = SDKROOT; };
		B2000010 /* ChatStore.swift */ = {isa = PBXFileReference; lastKnownFileType = sourcecode.swift; path = ChatStore.swift; sourceTree = "<group>"; };
		B2000011 /* MarkdownView.swift */ = {isa = PBXFileReference; lastKnownFileType = sourcecode.swift; path = MarkdownView.swift; sourceTree = "<group>"; };
		B2000012 /* TerminalView.swift */ = {isa = PBXFileReference; lastKnownFileType = sourcecode.swift; path = TerminalView.swift; sourceTree = "<group>"; };
/* End PBXFileReference section */

/* Begin PBXFrameworksBuildPhase section */
		B4000001 /* Frameworks */ = {
			isa = PBXFrameworksBuildPhase;
			buildActionMask = 2147483647;
			files = (
				B1000009 /* MultipeerConnectivity.framework in Frameworks */,
			);
			runOnlyForDeploymentPostprocessing = 0;
		};
/* End PBXFrameworksBuildPhase section */

/* Begin PBXGroup section */
		B5000001 = {
			isa = PBXGroup;
			children = (
				B5000002 /* RemoteCursorApp */,
				B5000003 /* Products */,
				F4721D212F5D186600BF1D50 /* Recovered References */,
			);
			sourceTree = "<group>";
		};
		B5000002 /* RemoteCursorApp */ = {
			isa = PBXGroup;
			children = (
				B2000001 /* RemoteCursorAppApp.swift */,
				B2000002 /* ContentView.swift */,
				B2000003 /* ConnectionView.swift */,
				B2000004 /* AgentView.swift */,
				B2000005 /* Models.swift */,
				B2000010 /* ChatStore.swift */,
				B2000011 /* MarkdownView.swift */,
				B2000012 /* TerminalView.swift */,
				B5000004 /* Services */,
				B2000008 /* Assets.xcassets */,
			);
			path = RemoteCursorApp;
			sourceTree = "<group>";
		};
		B5000003 /* Products */ = {
			isa = PBXGroup;
			children = (
				B2000009 /* RemoteCursorApp.app */,
			);
			name = Products;
			sourceTree = "<group>";
		};
		B5000004 /* Services */ = {
			isa = PBXGroup;
			children = (
				B2000006 /* HTTPClient.swift */,
				B2000007 /* PeerClient.swift */,
			);
			path = Services;
			sourceTree = "<group>";
		};
		F4721D212F5D186600BF1D50 /* Recovered References */ = {
			isa = PBXGroup;
			children = (
				B3000001 /* MultipeerConnectivity.framework */,
			);
			name = "Recovered References";
			sourceTree = "<group>";
		};
/* End PBXGroup section */

/* Begin PBXNativeTarget section */
		B6000001 /* RemoteCursorApp */ = {
			isa = PBXNativeTarget;
			buildConfigurationList = B7000003 /* Build configuration list for PBXNativeTarget "RemoteCursorApp" */;
			buildPhases = (
				B6000002 /* Sources */,
				B4000001 /* Frameworks */,
				B6000003 /* Resources */,
			);
			buildRules = (
			);
			dependencies = (
			);
			name = RemoteCursorApp;
			productName = RemoteCursorApp;
			productReference = B2000009 /* RemoteCursorApp.app */;
			productType = "com.apple.product-type.application";
		};
/* End PBXNativeTarget section */

/* Begin PBXProject section */
		B8000001 /* Project object */ = {
			isa = PBXProject;
			attributes = {
				BuildIndependentTargetsInParallel = 1;
				LastSwiftUpdateCheck = 1500;
				LastUpgradeCheck = 1500;
				TargetAttributes = {
					B6000001 = {
						CreatedOnToolsVersion = 15.0;
					};
				};
			};
			buildConfigurationList = B7000001 /* Build configuration list for PBXProject "RemoteCursorApp" */;
			compatibilityVersion = "Xcode 14.0";
			developmentRegion = en;
			hasScannedForEncodings = 0;
			knownRegions = (
				en,
				Base,
			);
			mainGroup = B5000001;
			productRefGroup = B5000003 /* Products */;
			projectDirPath = "";
			projectRoot = "";
			targets = (
				B6000001 /* RemoteCursorApp */,
			);
		};
/* End PBXProject section */

/* Begin PBXResourcesBuildPhase section */
		B6000003 /* Resources */ = {
			isa = PBXResourcesBuildPhase;
			buildActionMask = 2147483647;
			files = (
				B1000008 /* Assets.xcassets in Resources */,
			);
			runOnlyForDeploymentPostprocessing = 0;
		};
/* End PBXResourcesBuildPhase section */

/* Begin PBXSourcesBuildPhase section */
		B6000002 /* Sources */ = {
			isa = PBXSourcesBuildPhase;
			buildActionMask = 2147483647;
			files = (
				B1000001 /* RemoteCursorAppApp.swift in Sources */,
				B1000002 /* ContentView.swift in Sources */,
				B1000003 /* ConnectionView.swift in Sources */,
				B1000004 /* AgentView.swift in Sources */,
				B1000005 /* Models.swift in Sources */,
				B1000010 /* ChatStore.swift in Sources */,
				B1000011 /* MarkdownView.swift in Sources */,
				B1000012 /* TerminalView.swift in Sources */,
				B1000006 /* HTTPClient.swift in Sources */,
				B1000007 /* PeerClient.swift in Sources */,
			);
			runOnlyForDeploymentPostprocessing = 0;
		};
/* End PBXSourcesBuildPhase section */

/* Begin XCBuildConfiguration section */
		B7000002 /* Debug */ = {
			isa = XCBuildConfiguration;
			buildSettings = {
				ALWAYS_SEARCH_USER_PATHS = NO;
				ASSETCATALOG_COMPILER_GENERATE_SWIFT_ASSET_SYMBOL_EXTENSIONS = YES;
				CLANG_ANALYZER_NONNULL = YES;
				CLANG_ENABLE_MODULES = YES;
				CLANG_ENABLE_OBJC_ARC = YES;
				COPY_PHASE_STRIP = NO;
				DEBUG_INFORMATION_FORMAT = dwarf;
				ENABLE_STRICT_OBJC_MSGSEND = YES;
				ENABLE_TESTABILITY = YES;
				GCC_DYNAMIC_NO_PIC = NO;
				GCC_OPTIMIZATION_LEVEL = 0;
				GCC_PREPROCESSOR_DEFINITIONS = (
					"DEBUG=1",
					"$(inherited)",
				);
				IPHONEOS_DEPLOYMENT_TARGET = 16.0;
				SWIFT_ACTIVE_COMPILATION_CONDITIONS = "DEBUG $(inherited)";
				SWIFT_OPTIMIZATION_LEVEL = "-Onone";
				TARGETED_DEVICE_FAMILY = "1,2";
			};
			name = Debug;
		};
		B7000004 /* Release */ = {
			isa = XCBuildConfiguration;
			buildSettings = {
				ALWAYS_SEARCH_USER_PATHS = NO;
				ASSETCATALOG_COMPILER_GENERATE_SWIFT_ASSET_SYMBOL_EXTENSIONS = YES;
				CLANG_ANALYZER_NONNULL = YES;
				CLANG_ENABLE_MODULES = YES;
				CLANG_ENABLE_OBJC_ARC = YES;
				COPY_PHASE_STRIP = NO;
				DEBUG_INFORMATION_FORMAT = "dwarf-with-dsym";
				ENABLE_NS_ASSERTIONS = NO;
				ENABLE_STRICT_OBJC_MSGSEND = YES;
				GCC_OPTIMIZATION_LEVEL = s;
				IPHONEOS_DEPLOYMENT_TARGET = 16.0;
				SWIFT_COMPILATION_MODE = wholemodule;
				TARGETED_DEVICE_FAMILY = "1,2";
			};
			name = Release;
		};
		B7000005 /* Debug */ = {
			isa = XCBuildConfiguration;
			buildSettings = {
				ASSETCATALOG_COMPILER_APPICON_NAME = AppIcon;
				ASSETCATALOG_COMPILER_GLOBAL_ACCENT_COLOR_NAME = AccentColor;
				CODE_SIGN_STYLE = Automatic;
				CURRENT_PROJECT_VERSION = 1;
				DEVELOPMENT_ASSET_PATHS = "";
				DEVELOPMENT_TEAM = S2XD6TCL9T;
				ENABLE_PREVIEWS = YES;
				GENERATE_INFOPLIST_FILE = NO;
				INFOPLIST_FILE = RemoteCursorApp/Info.plist;
				INFOPLIST_KEY_UIApplicationSceneManifest_Generation = YES;
				INFOPLIST_KEY_UIApplicationSupportsIndirectInputEvents = YES;
				INFOPLIST_KEY_UILaunchScreen_Generation = YES;
				INFOPLIST_KEY_UISupportedInterfaceOrientations = "UIInterfaceOrientationPortrait UIInterfaceOrientationLandscapeLeft UIInterfaceOrientationLandscapeRight";
				LD_RUNPATH_SEARCH_PATHS = (
					"$(inherited)",
					"@executable_path/Frameworks",
				);
				MARKETING_VERSION = 1.0;
				PRODUCT_BUNDLE_IDENTIFIER = com.remotecursor.app;
				PRODUCT_NAME = "$(TARGET_NAME)";
				SDKROOT = iphoneos;
				SWIFT_EMIT_LOC_STRINGS = YES;
				SWIFT_VERSION = 5.0;
				TARGETED_DEVICE_FAMILY = "1,2";
			};
			name = Debug;
		};
		B7000006 /* Release */ = {
			isa = XCBuildConfiguration;
			buildSettings = {
				ASSETCATALOG_COMPILER_APPICON_NAME = AppIcon;
				ASSETCATALOG_COMPILER_GLOBAL_ACCENT_COLOR_NAME = AccentColor;
				CODE_SIGN_STYLE = Automatic;
				CURRENT_PROJECT_VERSION = 1;
				DEVELOPMENT_ASSET_PATHS = "";
				DEVELOPMENT_TEAM = S2XD6TCL9T;
				ENABLE_PREVIEWS = YES;
				GENERATE_INFOPLIST_FILE = NO;
				INFOPLIST_FILE = RemoteCursorApp/Info.plist;
				INFOPLIST_KEY_UIApplicationSceneManifest_Generation = YES;
				INFOPLIST_KEY_UIApplicationSupportsIndirectInputEvents = YES;
				INFOPLIST_KEY_UILaunchScreen_Generation = YES;
				INFOPLIST_KEY_UISupportedInterfaceOrientations = "UIInterfaceOrientationPortrait UIInterfaceOrientationLandscapeLeft UIInterfaceOrientationLandscapeRight";
				LD_RUNPATH_SEARCH_PATHS = (
					"$(inherited)",
					"@executable_path/Frameworks",
				);
				MARKETING_VERSION = 1.0;
				PRODUCT_BUNDLE_IDENTIFIER = com.remotecursor.app;
				PRODUCT_NAME = "$(TARGET_NAME)";
				SDKROOT = iphoneos;
				SWIFT_EMIT_LOC_STRINGS = YES;
				SWIFT_VERSION = 5.0;
				TARGETED_DEVICE_FAMILY = "1,2";
			};
			name = Release;
		};
/* End XCBuildConfiguration section */

/* Begin XCConfigurationList section */
		B7000001 /* Build configuration list for PBXProject "RemoteCursorApp" */ = {
			isa = XCConfigurationList;
			buildConfigurations = (
				B7000002 /* Debug */,
				B7000004 /* Release */,
			);
			defaultConfigurationIsVisible = 0;
			defaultConfigurationName = Release;
		};
		B7000003 /* Build configuration list for PBXNativeTarget "RemoteCursorApp" */ = {
			isa = XCConfigurationList;
			buildConfigurations = (
				B7000005 /* Debug */,
				B7000006 /* Release */,
			);
			defaultConfigurationIsVisible = 0;
			defaultConfigurationName = Release;
		};
/* End XCConfigurationList section */
	};
	rootObject = B8000001 /* Project object */;
}
