// !$*UTF8*$!
{
	archiveVersion = 1;
	classes = {
	};
	objectVersion = 56;
	objects = {

/* Begin PBXBuildFile section */
		A1000001 /* Config.swift in Sources */ = {isa = PBXBuildFile; fileRef = A2000001 /* Config.swift */; };
		A1000002 /* AgentRunner.swift in Sources */ = {isa = PBXBuildFile; fileRef = A2000002 /* AgentRunner.swift */; };
		A1000003 /* HTTPServer.swift in Sources */ = {isa = PBXBuildFile; fileRef = A2000003 /* HTTPServer.swift */; };
		A1000004 /* PeerConnection.swift in Sources */ = {isa = PBXBuildFile; fileRef = A2000004 /* PeerConnection.swift */; };
		A1000005 /* main.swift in Sources */ = {isa = PBXBuildFile; fileRef = A2000005 /* main.swift */; };
		A1000006 /* MultipeerConnectivity.framework in Frameworks */ = {isa = PBXBuildFile; fileRef = A3000001 /* MultipeerConnectivity.framework */; };
/* End PBXBuildFile section */

/* Begin PBXFileReference section */
		A2000001 /* Config.swift */ = {isa = PBXFileReference; lastKnownFileType = sourcecode.swift; path = Config.swift; sourceTree = "<group>"; };
		A2000002 /* AgentRunner.swift */ = {isa = PBXFileReference; lastKnownFileType = sourcecode.swift; path = AgentRunner.swift; sourceTree = "<group>"; };
		A2000003 /* HTTPServer.swift */ = {isa = PBXFileReference; lastKnownFileType = sourcecode.swift; path = HTTPServer.swift; sourceTree = "<group>"; };
		A2000004 /* PeerConnection.swift */ = {isa = PBXFileReference; lastKnownFileType = sourcecode.swift; path = PeerConnection.swift; sourceTree = "<group>"; };
		A2000005 /* main.swift */ = {isa = PBXFileReference; lastKnownFileType = sourcecode.swift; path = main.swift; sourceTree = "<group>"; };
		A2000006 /* RemoteCursorBridge */ = {isa = PBXFileReference; explicitFileType = "compiled.mach-o.executable"; includeInIndex = 0; path = RemoteCursorBridge; sourceTree = BUILT_PRODUCTS_DIR; };
		A3000001 /* MultipeerConnectivity.framework */ = {isa = PBXFileReference; lastKnownFileType = wrapper.framework; name = MultipeerConnectivity.framework; path = System/Library/Frameworks/MultipeerConnectivity.framework; sourceTree = SDKROOT; };
/* End PBXFileReference section */

/* Begin PBXFrameworksBuildPhase section */
		A4000001 /* Frameworks */ = {
			isa = PBXFrameworksBuildPhase;
			buildActionMask = 2147483647;
			files = (
				A1000006 /* MultipeerConnectivity.framework in Frameworks */,
			);
			runOnlyForDeploymentPostprocessing = 0;
		};
/* End PBXFrameworksBuildPhase section */

/* Begin PBXGroup section */
		A5000001 = {
			isa = PBXGroup;
			children = (
				A5000002 /* RemoteCursorBridge */,
				A5000003 /* Products */,
			);
			sourceTree = "<group>";
		};
		A5000002 /* RemoteCursorBridge */ = {
			isa = PBXGroup;
			children = (
				A2000005 /* main.swift */,
				A2000001 /* Config.swift */,
				A2000002 /* AgentRunner.swift */,
				A2000003 /* HTTPServer.swift */,
				A2000004 /* PeerConnection.swift */,
			);
			path = ".";
			sourceTree = "<group>";
		};
		A5000003 /* Products */ = {
			isa = PBXGroup;
			children = (
				A2000006 /* RemoteCursorBridge */,
			);
			name = Products;
			sourceTree = "<group>";
		};
/* End PBXGroup section */

/* Begin PBXNativeTarget section */
		A6000001 /* RemoteCursorBridge */ = {
			isa = PBXNativeTarget;
			buildConfigurationList = A7000003 /* Build configuration list for PBXNativeTarget "RemoteCursorBridge" */;
			buildPhases = (
				A6000002 /* Sources */,
				A4000001 /* Frameworks */,
			);
			buildRules = (
			);
			dependencies = (
			);
			name = RemoteCursorBridge;
			productName = RemoteCursorBridge;
			productReference = A2000006 /* RemoteCursorBridge */;
			productType = "com.apple.product-type.tool";
		};
/* End PBXNativeTarget section */

/* Begin PBXProject section */
		A8000001 /* Project object */ = {
			isa = PBXProject;
			attributes = {
				BuildIndependentTargetsInParallel = 1;
				LastSwiftUpdateCheck = 1500;
				LastUpgradeCheck = 1500;
			};
			buildConfigurationList = A7000001 /* Build configuration list for PBXProject "RemoteCursorBridge" */;
			compatibilityVersion = "Xcode 14.0";
			developmentRegion = en;
			hasScannedForEncodings = 0;
			knownRegions = (
				en,
				Base,
			);
			mainGroup = A5000001;
			productRefGroup = A5000003 /* Products */;
			projectDirPath = "";
			projectRoot = "";
			targets = (
				A6000001 /* RemoteCursorBridge */,
			);
		};
/* End PBXProject section */

/* Begin PBXSourcesBuildPhase section */
		A6000002 /* Sources */ = {
			isa = PBXSourcesBuildPhase;
			buildActionMask = 2147483647;
			files = (
				A1000001 /* Config.swift in Sources */,
				A1000002 /* AgentRunner.swift in Sources */,
				A1000003 /* HTTPServer.swift in Sources */,
				A1000004 /* PeerConnection.swift in Sources */,
				A1000005 /* main.swift in Sources */,
			);
			runOnlyForDeploymentPostprocessing = 0;
		};
/* End PBXSourcesBuildPhase section */

/* Begin XCBuildConfiguration section */
		A7000002 /* Debug */ = {
			isa = XCBuildConfiguration;
			buildSettings = {
				ALWAYS_SEARCH_USER_PATHS = NO;
				ASSETCATALOG_COMPILER_GENERATE_SWIFT_ASSET_SYMBOL_EXTENSIONS = YES;
				CLANG_ANALYZER_NONNULL = YES;
				CLANG_ENABLE_MODULES = YES;
				CLANG_ENABLE_OBJC_ARC = YES;
				COPY_PHASE_STRIP = NO;
				DEBUG_INFORMATION_FORMAT = dwarf;
				ENABLE_STRICT_OBJC_MSGSEND = YES;
				ENABLE_TESTABILITY = YES;
				GCC_DYNAMIC_NO_PIC = NO;
				GCC_OPTIMIZATION_LEVEL = 0;
				GCC_PREPROCESSOR_DEFINITIONS = (
					"DEBUG=1",
					"$(inherited)",
				);
				MACOSX_DEPLOYMENT_TARGET = 12.0;
				SWIFT_ACTIVE_COMPILATION_CONDITIONS = "DEBUG $(inherited)";
				SWIFT_OPTIMIZATION_LEVEL = "-Onone";
			};
			name = Debug;
		};
		A7000004 /* Release */ = {
			isa = XCBuildConfiguration;
			buildSettings = {
				ALWAYS_SEARCH_USER_PATHS = NO;
				ASSETCATALOG_COMPILER_GENERATE_SWIFT_ASSET_SYMBOL_EXTENSIONS = YES;
				CLANG_ANALYZER_NONNULL = YES;
				CLANG_ENABLE_MODULES = YES;
				CLANG_ENABLE_OBJC_ARC = YES;
				COPY_PHASE_STRIP = NO;
				DEBUG_INFORMATION_FORMAT = "dwarf-with-dsym";
				ENABLE_NS_ASSERTIONS = NO;
				ENABLE_STRICT_OBJC_MSGSEND = YES;
				GCC_OPTIMIZATION_LEVEL = s;
				MACOSX_DEPLOYMENT_TARGET = 12.0;
				SWIFT_COMPILATION_MODE = wholemodule;
			};
			name = Release;
		};
		A7000005 /* Debug */ = {
			isa = XCBuildConfiguration;
			buildSettings = {
				LD_RUNPATH_SEARCH_PATHS = (
					"$(inherited)",
					"@executable_path/../Frameworks",
					"@loader_path/../Frameworks",
				);
				MACOSX_DEPLOYMENT_TARGET = 12.0;
				PRODUCT_NAME = "$(TARGET_NAME)";
				SWIFT_EMIT_LOC_STRINGS = YES;
				SWIFT_VERSION = 5.0;
			};
			name = Debug;
		};
		A7000006 /* Release */ = {
			isa = XCBuildConfiguration;
			buildSettings = {
				LD_RUNPATH_SEARCH_PATHS = (
					"$(inherited)",
					"@executable_path/../Frameworks",
					"@loader_path/../Frameworks",
				);
				MACOSX_DEPLOYMENT_TARGET = 12.0;
				PRODUCT_NAME = "$(TARGET_NAME)";
				SWIFT_EMIT_LOC_STRINGS = YES;
				SWIFT_VERSION = 5.0;
			};
			name = Release;
		};
/* End XCBuildConfiguration section */

/* Begin XCConfigurationList section */
		A7000001 /* Build configuration list for PBXProject "RemoteCursorBridge" */ = {
			isa = XCConfigurationList;
			buildConfigurations = (
				A7000002 /* Debug */,
				A7000004 /* Release */,
			);
			defaultConfigurationIsVisible = 0;
			defaultConfigurationName = Release;
		};
		A7000003 /* Build configuration list for PBXNativeTarget "RemoteCursorBridge" */ = {
			isa = XCConfigurationList;
			buildConfigurations = (
				A7000005 /* Debug */,
				A7000006 /* Release */,
			);
			defaultConfigurationIsVisible = 0;
			defaultConfigurationName = Release;
		};
/* End XCConfigurationList section */
	};
	rootObject = A8000001 /* Project object */;
}
